
Microsoft Visual Studio Solution File, Format Version 12.00
# Visual Studio Version 16
VisualStudioVersion = 16.0.30413.136
MinimumVisualStudioVersion = 10.0.40219.1
Project("{FAE04EC0-301F-11D3-BF4B-00C04F79EFBC}") = "EncryptingWithOpenSSL", "EncryptingWithOpenSSL\EncryptingWithOpenSSL.csproj", "{8EF39304-8F71-4E80-83B3-B8C2F704184F}"
EndProject
Global
	GlobalSection(SolutionConfigurationPlatforms) = preSolution
		Debug|Any CPU = Debug|Any CPU
		Release|Any CPU = Release|Any CPU
	EndGlobalSection
	GlobalSection(ProjectConfigurationPlatforms) = postSolution
		{8EF39304-8F71-4E80-83B3-B8C2F704184F}.Debug|Any CPU.ActiveCfg = Debug|Any CPU
		{8EF39304-8F71-4E80-83B3-B8C2F704184F}.Debug|Any CPU.Build.0 = Debug|Any CPU
		{8EF39304-8F71-4E80-83B3-B8C2F704184F}.Release|Any CPU.ActiveCfg = Release|Any CPU
		{8EF39304-8F71-4E80-83B3-B8C2F704184F}.Release|Any CPU.Build.0 = Release|Any CPU
	EndGlobalSection
	GlobalSection(SolutionProperties) = preSolution
		HideSolutionNode = FALSE
	EndGlobalSection
	GlobalSection(ExtensibilityGlobals) = postSolution
		SolutionGuid = {044D4698-3F06-4282-B2B1-58AE8DF40C59}
	EndGlobalSection
EndGlobal
